# This file is generated by Elephc. Do not edit.
schema = 1

[[package]]
name = "libxml2"
version = "2.15.3"
recipe = 1
dependencies = []
provides = ["libxml2"]

[package.source]
url = "https://download.gnome.org/sources/libxml2/2.15/libxml2-2.15.3.tar.xz"
sha256 = "78262a6e7ac170d6528ebfe2efccdf220191a5af6a6cd61ea4a9a9a5042c7a07"
size = 3152452

[[package.target]]
name = "macos-aarch64"
archives = ["lib/libelephc_libxml2_shim.a", "lib/libxml2.a"]
system_libraries = []
frameworks = []

[[package.target]]
name = "ios-arm64"
archives = ["lib/libelephc_libxml2_shim.a", "lib/libxml2.a"]
system_libraries = []
frameworks = []

[[package.target]]
name = "ios-sim-arm64"
archives = ["lib/libelephc_libxml2_shim.a", "lib/libxml2.a"]
system_libraries = []
frameworks = []

[[package.target]]
name = "linux-aarch64"
archives = ["lib/libelephc_libxml2_shim.a", "lib/libxml2.a"]
system_libraries = []
frameworks = []

[[package.target]]
name = "linux-x86_64"
archives = ["lib/libelephc_libxml2_shim.a", "lib/libxml2.a"]
system_libraries = []
frameworks = []
