# This file is generated by Elephc. Do not edit.
schema = 1

[[package]]
name = "curl"
version = "8.21.0"
recipe = 2
dependencies = ["libssh2", "nghttp2", "openssl", "zlib"]
provides = ["curl"]

[package.source]
url = "https://curl.se/download/curl-8.21.0.tar.gz"
sha256 = "d9b327997999045a24cda50f3983e69e51c516bd8be6ef9842fc7f99135e33bb"
size = 4298225

[[package.target]]
name = "macos-aarch64"
archives = ["lib/libcurl.a"]
system_libraries = []
frameworks = []

[[package.target]]
name = "linux-aarch64"
archives = ["lib/libcurl.a"]
system_libraries = []
frameworks = []

[[package.target]]
name = "linux-x86_64"
archives = ["lib/libcurl.a"]
system_libraries = []
frameworks = []

[[package]]
name = "libssh2"
version = "1.11.1"
recipe = 1
dependencies = ["openssl", "zlib"]
provides = ["libssh2"]

[package.source]
url = "https://github.com/libssh2/libssh2/releases/download/libssh2-1.11.1/libssh2-1.11.1.tar.gz"
sha256 = "d9ec76cbe34db98eec3539fe2c899d26b0c837cb3eb466a56b0f109cabf658f7"
size = 1093012

[[package.target]]
name = "macos-aarch64"
archives = ["lib/libssh2.a"]
system_libraries = []
frameworks = []

[[package.target]]
name = "linux-aarch64"
archives = ["lib/libssh2.a"]
system_libraries = []
frameworks = []

[[package.target]]
name = "linux-x86_64"
archives = ["lib/libssh2.a"]
system_libraries = []
frameworks = []

[[package]]
name = "nghttp2"
version = "1.70.0"
recipe = 1
dependencies = []
provides = ["nghttp2"]

[package.source]
url = "https://github.com/nghttp2/nghttp2/releases/download/v1.70.0/nghttp2-1.70.0.tar.gz"
sha256 = "aa317e2cf9dca6afa0aed68f8fad6ff303ec6982e25a78c75c0b65e2b9b3ded5"
size = 3104002

[[package.target]]
name = "macos-aarch64"
archives = ["lib/libnghttp2.a"]
system_libraries = []
frameworks = []

[[package.target]]
name = "linux-aarch64"
archives = ["lib/libnghttp2.a"]
system_libraries = []
frameworks = []

[[package.target]]
name = "linux-x86_64"
archives = ["lib/libnghttp2.a"]
system_libraries = []
frameworks = []

[[package]]
name = "openssl"
version = "3.5.7"
recipe = 1
dependencies = []
provides = ["openssl"]

[package.source]
url = "https://github.com/openssl/openssl/releases/download/openssl-3.5.7/openssl-3.5.7.tar.gz"
sha256 = "a8c0d28a529ca480f9f36cf5792e2cd21984552a3c8e4aa11a24aa31aeac98e8"
size = 53153930

[[package.target]]
name = "macos-aarch64"
archives = ["lib/libssl.a", "lib/libcrypto.a"]
system_libraries = []
frameworks = []

[[package.target]]
name = "linux-aarch64"
archives = ["lib/libssl.a", "lib/libcrypto.a"]
system_libraries = []
frameworks = []

[[package.target]]
name = "linux-x86_64"
archives = ["lib/libssl.a", "lib/libcrypto.a"]
system_libraries = []
frameworks = []

[[package]]
name = "zlib"
version = "1.3.2"
recipe = 1
dependencies = []
provides = ["zlib"]

[package.source]
url = "https://github.com/madler/zlib/releases/download/v1.3.2/zlib-1.3.2.tar.gz"
sha256 = "bb329a0a2cd0274d05519d61c667c062e06990d72e125ee2dfa8de64f0119d16"
size = 1502830

[[package.target]]
name = "macos-aarch64"
archives = ["lib/libz.a"]
system_libraries = []
frameworks = []

[[package.target]]
name = "linux-aarch64"
archives = ["lib/libz.a"]
system_libraries = []
frameworks = []

[[package.target]]
name = "linux-x86_64"
archives = ["lib/libz.a"]
system_libraries = []
frameworks = []
